// !$*UTF8*$!
{
	archiveVersion = 1;
	classes = {
	};
	objectVersion = 55;
	objects = {

/* Begin PBXBuildFile section */
		6D34CF7D28570C0D0015A130 /* TextViews.swift in Sources */ = {isa = PBXBuildFile; fileRef = 6D34CF7C28570C0D0015A130 /* TextViews.swift */; };
		6D34CF81285710F00015A130 /* ControlsView.swift in Sources */ = {isa = PBXBuildFile; fileRef = 6D34CF80285710F00015A130 /* ControlsView.swift */; };
		6D34CF8428571AF50015A130 /* TestView.swift in Sources */ = {isa = PBXBuildFile; fileRef = 6D34CF8328571AF50015A130 /* TestView.swift */; };
		6D34CF8628571E600015A130 /* RoundedViews.swift in Sources */ = {isa = PBXBuildFile; fileRef = 6D34CF8528571E600015A130 /* RoundedViews.swift */; };
		6D34CF8A28573EF60015A130 /* BackgroundView.swift in Sources */ = {isa = PBXBuildFile; fileRef = 6D34CF8928573EF60015A130 /* BackgroundView.swift */; };
		6D77B59B285B0D2500650689 /* PointsView.swift in Sources */ = {isa = PBXBuildFile; fileRef = 6D77B59A285B0D2400650689 /* PointsView.swift */; };
		6DBB1E6C28563FBF00E14678 /* Game.swift in Sources */ = {isa = PBXBuildFile; fileRef = 6DBB1E6B28563FBF00E14678 /* Game.swift */; };
		6DBB1E742856631700E14678 /* BullseyeTests.swift in Sources */ = {isa = PBXBuildFile; fileRef = 6DBB1E732856631700E14678 /* BullseyeTests.swift */; };
		6DFEB1082855E8D000952B98 /* BullseyeApp.swift in Sources */ = {isa = PBXBuildFile; fileRef = 6DFEB1072855E8D000952B98 /* BullseyeApp.swift */; };
		6DFEB10A2855E8D000952B98 /* ContentView.swift in Sources */ = {isa = PBXBuildFile; fileRef = 6DFEB1092855E8D000952B98 /* ContentView.swift */; };
		6DFEB10C2855E8D200952B98 /* Assets.xcassets in Resources */ = {isa = PBXBuildFile; fileRef = 6DFEB10B2855E8D200952B98 /* Assets.xcassets */; };
		6DFEB10F2855E8D200952B98 /* Preview Assets.xcassets in Resources */ = {isa = PBXBuildFile; fileRef = 6DFEB10E2855E8D200952B98 /* Preview Assets.xcassets */; };
/* End PBXBuildFile section */

/* Begin PBXContainerItemProxy section */
		6DBB1E752856631700E14678 /* PBXContainerItemProxy */ = {
			isa = PBXContainerItemProxy;
			containerPortal = 6DFEB0FC2855E8D000952B98 /* Project object */;
			proxyType = 1;
			remoteGlobalIDString = 6DFEB1032855E8D000952B98;
			remoteInfo = Bullseye;
		};
/* End PBXContainerItemProxy section */

/* Begin PBXFileReference section */
		6D34CF7C28570C0D0015A130 /* TextViews.swift */ = {isa = PBXFileReference; lastKnownFileType = sourcecode.swift; path = TextViews.swift; sourceTree = "<group>"; };
		6D34CF80285710F00015A130 /* ControlsView.swift */ = {isa = PBXFileReference; lastKnownFileType = sourcecode.swift; path = ControlsView.swift; sourceTree = "<group>"; };
		6D34CF8328571AF50015A130 /* TestView.swift */ = {isa = PBXFileReference; lastKnownFileType = sourcecode.swift; path = TestView.swift; sourceTree = "<group>"; };
		6D34CF8528571E600015A130 /* RoundedViews.swift */ = {isa = PBXFileReference; lastKnownFileType = sourcecode.swift; path = RoundedViews.swift; sourceTree = "<group>"; };
		6D34CF8928573EF60015A130 /* BackgroundView.swift */ = {isa = PBXFileReference; lastKnownFileType = sourcecode.swift; path = BackgroundView.swift; sourceTree = "<group>"; };
		6D77B59A285B0D2400650689 /* PointsView.swift */ = {isa = PBXFileReference; lastKnownFileType = sourcecode.swift; path = PointsView.swift; sourceTree = "<group>"; };
		6DBB1E6B28563FBF00E14678 /* Game.swift */ = {isa = PBXFileReference; lastKnownFileType = sourcecode.swift; path = Game.swift; sourceTree = "<group>"; };
		6DBB1E712856631700E14678 /* BullseyeTests.xctest */ = {isa = PBXFileReference; explicitFileType = wrapper.cfbundle; includeInIndex = 0; path = BullseyeTests.xctest; sourceTree = BUILT_PRODUCTS_DIR; };
		6DBB1E732856631700E14678 /* BullseyeTests.swift */ = {isa = PBXFileReference; lastKnownFileType = sourcecode.swift; path = BullseyeTests.swift; sourceTree = "<group>"; };
		6DFEB1042855E8D000952B98 /* Bullseye.app */ = {isa = PBXFileReference; explicitFileType = wrapper.application; includeInIndex = 0; path = Bullseye.app; sourceTree = BUILT_PRODUCTS_DIR; };
		6DFEB1072855E8D000952B98 /* BullseyeApp.swift */ = {isa = PBXFileReference; lastKnownFileType = sourcecode.swift; path = BullseyeApp.swift; sourceTree = "<group>"; };
		6DFEB1092855E8D000952B98 /* ContentView.swift */ = {isa = PBXFileReference; lastKnownFileType = sourcecode.swift; path = ContentView.swift; sourceTree = "<group>"; };
		6DFEB10B2855E8D200952B98 /* Assets.xcassets */ = {isa = PBXFileReference; lastKnownFileType = folder.assetcatalog; path = Assets.xcassets; sourceTree = "<group>"; };
		6DFEB10E2855E8D200952B98 /* Preview Assets.xcassets */ = {isa = PBXFileReference; lastKnownFileType = folder.assetcatalog; path = "Preview Assets.xcassets"; sourceTree = "<group>"; };
/* End PBXFileReference section */

/* Begin PBXFrameworksBuildPhase section */
		6DBB1E6E2856631700E14678 /* Frameworks */ = {
			isa = PBXFrameworksBuildPhase;
			buildActionMask = 2147483647;
			files = (
			);
			runOnlyForDeploymentPostprocessing = 0;
		};
		6DFEB1012855E8D000952B98 /* Frameworks */ = {
			isa = PBXFrameworksBuildPhase;
			buildActionMask = 2147483647;
			files = (
			);
			runOnlyForDeploymentPostprocessing = 0;
		};
/* End PBXFrameworksBuildPhase section */

/* Begin PBXGroup section */
		6D34CF8228571AD50015A130 /* TestViews */ = {
			isa = PBXGroup;
			children = (
				6D34CF8328571AF50015A130 /* TestView.swift */,
			);
			path = TestViews;
			sourceTree = "<group>";
		};
		6DBB1E722856631700E14678 /* BullseyeTests */ = {
			isa = PBXGroup;
			children = (
				6DBB1E732856631700E14678 /* BullseyeTests.swift */,
			);
			path = BullseyeTests;
			sourceTree = "<group>";
		};
		6DFEB0FB2855E8D000952B98 = {
			isa = PBXGroup;
			children = (
				6DFEB1062855E8D000952B98 /* Bullseye */,
				6DBB1E722856631700E14678 /* BullseyeTests */,
				6DFEB1052855E8D000952B98 /* Products */,
			);
			sourceTree = "<group>";
		};
		6DFEB1052855E8D000952B98 /* Products */ = {
			isa = PBXGroup;
			children = (
				6DFEB1042855E8D000952B98 /* Bullseye.app */,
				6DBB1E712856631700E14678 /* BullseyeTests.xctest */,
			);
			name = Products;
			sourceTree = "<group>";
		};
		6DFEB1062855E8D000952B98 /* Bullseye */ = {
			isa = PBXGroup;
			children = (
				6DFEB11728563DF200952B98 /* App */,
				6DFEB11528563DA600952B98 /* Models */,
				6DFEB10D2855E8D200952B98 /* Preview Content */,
				6D34CF8228571AD50015A130 /* TestViews */,
				6DFEB11628563DB600952B98 /* Views */,
			);
			path = Bullseye;
			sourceTree = "<group>";
		};
		6DFEB10D2855E8D200952B98 /* Preview Content */ = {
			isa = PBXGroup;
			children = (
				6DFEB10E2855E8D200952B98 /* Preview Assets.xcassets */,
			);
			path = "Preview Content";
			sourceTree = "<group>";
		};
		6DFEB11528563DA600952B98 /* Models */ = {
			isa = PBXGroup;
			children = (
				6DBB1E6B28563FBF00E14678 /* Game.swift */,
			);
			path = Models;
			sourceTree = "<group>";
		};
		6DFEB11628563DB600952B98 /* Views */ = {
			isa = PBXGroup;
			children = (
				6DFEB1092855E8D000952B98 /* ContentView.swift */,
				6D34CF7C28570C0D0015A130 /* TextViews.swift */,
				6D34CF80285710F00015A130 /* ControlsView.swift */,
				6D34CF8528571E600015A130 /* RoundedViews.swift */,
				6D34CF8928573EF60015A130 /* BackgroundView.swift */,
				6D77B59A285B0D2400650689 /* PointsView.swift */,
			);
			path = Views;
			sourceTree = "<group>";
		};
		6DFEB11728563DF200952B98 /* App */ = {
			isa = PBXGroup;
			children = (
				6DFEB1072855E8D000952B98 /* BullseyeApp.swift */,
				6DFEB10B2855E8D200952B98 /* Assets.xcassets */,
			);
			path = App;
			sourceTree = "<group>";
		};
/* End PBXGroup section */

/* Begin PBXNativeTarget section */
		6DBB1E702856631700E14678 /* BullseyeTests */ = {
			isa = PBXNativeTarget;
			buildConfigurationList = 6DBB1E772856631700E14678 /* Build configuration list for PBXNativeTarget "BullseyeTests" */;
			buildPhases = (
				6DBB1E6D2856631700E14678 /* Sources */,
				6DBB1E6E2856631700E14678 /* Frameworks */,
				6DBB1E6F2856631700E14678 /* Resources */,
			);
			buildRules = (
			);
			dependencies = (
				6DBB1E762856631700E14678 /* PBXTargetDependency */,
			);
			name = BullseyeTests;
			productName = BullseyeTests;
			productReference = 6DBB1E712856631700E14678 /* BullseyeTests.xctest */;
			productType = "com.apple.product-type.bundle.unit-test";
		};
		6DFEB1032855E8D000952B98 /* Bullseye */ = {
			isa = PBXNativeTarget;
			buildConfigurationList = 6DFEB1122855E8D200952B98 /* Build configuration list for PBXNativeTarget "Bullseye" */;
			buildPhases = (
				6DFEB1002855E8D000952B98 /* Sources */,
				6DFEB1012855E8D000952B98 /* Frameworks */,
				6DFEB1022855E8D000952B98 /* Resources */,
			);
			buildRules = (
			);
			dependencies = (
			);
			name = Bullseye;
			productName = Bullseye;
			productReference = 6DFEB1042855E8D000952B98 /* Bullseye.app */;
			productType = "com.apple.product-type.application";
		};
/* End PBXNativeTarget section */

/* Begin PBXProject section */
		6DFEB0FC2855E8D000952B98 /* Project object */ = {
			isa = PBXProject;
			attributes = {
				BuildIndependentTargetsInParallel = 1;
				LastSwiftUpdateCheck = 1340;
				LastUpgradeCheck = 1340;
				TargetAttributes = {
					6DBB1E702856631700E14678 = {
						CreatedOnToolsVersion = 13.4.1;
						TestTargetID = 6DFEB1032855E8D000952B98;
					};
					6DFEB1032855E8D000952B98 = {
						CreatedOnToolsVersion = 13.4.1;
					};
				};
			};
			buildConfigurationList = 6DFEB0FF2855E8D000952B98 /* Build configuration list for PBXProject "Bullseye" */;
			compatibilityVersion = "Xcode 13.0";
			developmentRegion = en;
			hasScannedForEncodings = 0;
			knownRegions = (
				en,
				Base,
			);
			mainGroup = 6DFEB0FB2855E8D000952B98;
			productRefGroup = 6DFEB1052855E8D000952B98 /* Products */;
			projectDirPath = "";
			projectRoot = "";
			targets = (
				6DFEB1032855E8D000952B98 /* Bullseye */,
				6DBB1E702856631700E14678 /* BullseyeTests */,
			);
		};
/* End PBXProject section */

/* Begin PBXResourcesBuildPhase section */
		6DBB1E6F2856631700E14678 /* Resources */ = {
			isa = PBXResourcesBuildPhase;
			buildActionMask = 2147483647;
			files = (
			);
			runOnlyForDeploymentPostprocessing = 0;
		};
		6DFEB1022855E8D000952B98 /* Resources */ = {
			isa = PBXResourcesBuildPhase;
			buildActionMask = 2147483647;
			files = (
				6DFEB10F2855E8D200952B98 /* Preview Assets.xcassets in Resources */,
				6DFEB10C2855E8D200952B98 /* Assets.xcassets in Resources */,
			);
			runOnlyForDeploymentPostprocessing = 0;
		};
/* End PBXResourcesBuildPhase section */

/* Begin PBXSourcesBuildPhase section */
		6DBB1E6D2856631700E14678 /* Sources */ = {
			isa = PBXSourcesBuildPhase;
			buildActionMask = 2147483647;
			files = (
				6DBB1E742856631700E14678 /* BullseyeTests.swift in Sources */,
			);
			runOnlyForDeploymentPostprocessing = 0;
		};
		6DFEB1002855E8D000952B98 /* Sources */ = {
			isa = PBXSourcesBuildPhase;
			buildActionMask = 2147483647;
			files = (
				6D34CF8428571AF50015A130 /* TestView.swift in Sources */,
				6DFEB10A2855E8D000952B98 /* ContentView.swift in Sources */,
				6D77B59B285B0D2500650689 /* PointsView.swift in Sources */,
				6D34CF8A28573EF60015A130 /* BackgroundView.swift in Sources */,
				6D34CF7D28570C0D0015A130 /* TextViews.swift in Sources */,
				6DBB1E6C28563FBF00E14678 /* Game.swift in Sources */,
				6D34CF8628571E600015A130 /* RoundedViews.swift in Sources */,
				6D34CF81285710F00015A130 /* ControlsView.swift in Sources */,
				6DFEB1082855E8D000952B98 /* BullseyeApp.swift in Sources */,
			);
			runOnlyForDeploymentPostprocessing = 0;
		};
/* End PBXSourcesBuildPhase section */

/* Begin PBXTargetDependency section */
		6DBB1E762856631700E14678 /* PBXTargetDependency */ = {
			isa = PBXTargetDependency;
			target = 6DFEB1032855E8D000952B98 /* Bullseye */;
			targetProxy = 6DBB1E752856631700E14678 /* PBXContainerItemProxy */;
		};
/* End PBXTargetDependency section */

/* Begin XCBuildConfiguration section */
		6DBB1E782856631700E14678 /* Debug */ = {
			isa = XCBuildConfiguration;
			buildSettings = {
				BUNDLE_LOADER = "$(TEST_HOST)";
				CODE_SIGN_STYLE = Automatic;
				CURRENT_PROJECT_VERSION = 1;
				GENERATE_INFOPLIST_FILE = YES;
				MARKETING_VERSION = 1.0;
				PRODUCT_BUNDLE_IDENTIFIER = net.in.goutham.BullseyeTests;
				PRODUCT_NAME = "$(TARGET_NAME)";
				SWIFT_EMIT_LOC_STRINGS = NO;
				SWIFT_VERSION = 5.0;
				TARGETED_DEVICE_FAMILY = "1,2";
				TEST_HOST = "$(BUILT_PRODUCTS_DIR)/Bullseye.app/Bullseye";
			};
			name = Debug;
		};
		6DBB1E792856631700E14678 /* Release */ = {
			isa = XCBuildConfiguration;
			buildSettings = {
				BUNDLE_LOADER = "$(TEST_HOST)";
				CODE_SIGN_STYLE = Automatic;
				CURRENT_PROJECT_VERSION = 1;
				GENERATE_INFOPLIST_FILE = YES;
				MARKETING_VERSION = 1.0;
				PRODUCT_BUNDLE_IDENTIFIER = net.in.goutham.BullseyeTests;
				PRODUCT_NAME = "$(TARGET_NAME)";
				SWIFT_EMIT_LOC_STRINGS = NO;
				SWIFT_VERSION = 5.0;
				TARGETED_DEVICE_FAMILY = "1,2";
				TEST_HOST = "$(BUILT_PRODUCTS_DIR)/Bullseye.app/Bullseye";
			};
			name = Release;
		};
		6DFEB1102855E8D200952B98 /* Debug */ = {
			isa = XCBuildConfiguration;
			buildSettings = {
				ALWAYS_SEARCH_USER_PATHS = NO;
				CLANG_ANALYZER_NONNULL = YES;
				CLANG_ANALYZER_NUMBER_OBJECT_CONVERSION = YES_AGGRESSIVE;
				CLANG_CXX_LANGUAGE_STANDARD = "gnu++17";
				CLANG_ENABLE_MODULES = YES;
				CLANG_ENABLE_OBJC_ARC = YES;
				CLANG_ENABLE_OBJC_WEAK = YES;
				CLANG_WARN_BLOCK_CAPTURE_AUTORELEASING = YES;
				CLANG_WARN_BOOL_CONVERSION = YES;
				CLANG_WARN_COMMA = YES;
				CLANG_WARN_CONSTANT_CONVERSION = YES;
				CLANG_WARN_DEPRECATED_OBJC_IMPLEMENTATIONS = YES;
				CLANG_WARN_DIRECT_OBJC_ISA_USAGE = YES_ERROR;
				CLANG_WARN_DOCUMENTATION_COMMENTS = YES;
				CLANG_WARN_EMPTY_BODY = YES;
				CLANG_WARN_ENUM_CONVERSION = YES;
				CLANG_WARN_INFINITE_RECURSION = YES;
				CLANG_WARN_INT_CONVERSION = YES;
				CLANG_WARN_NON_LITERAL_NULL_CONVERSION = YES;
				CLANG_WARN_OBJC_IMPLICIT_RETAIN_SELF = YES;
				CLANG_WARN_OBJC_LITERAL_CONVERSION = YES;
				CLANG_WARN_OBJC_ROOT_CLASS = YES_ERROR;
				CLANG_WARN_QUOTED_INCLUDE_IN_FRAMEWORK_HEADER = YES;
				CLANG_WARN_RANGE_LOOP_ANALYSIS = YES;
				CLANG_WARN_STRICT_PROTOTYPES = YES;
				CLANG_WARN_SUSPICIOUS_MOVE = YES;
				CLANG_WARN_UNGUARDED_AVAILABILITY = YES_AGGRESSIVE;
				CLANG_WARN_UNREACHABLE_CODE = YES;
				CLANG_WARN__DUPLICATE_METHOD_MATCH = YES;
				COPY_PHASE_STRIP = NO;
				DEBUG_INFORMATION_FORMAT = dwarf;
				ENABLE_STRICT_OBJC_MSGSEND = YES;
				ENABLE_TESTABILITY = YES;
				GCC_C_LANGUAGE_STANDARD = gnu11;
				GCC_DYNAMIC_NO_PIC = NO;
				GCC_NO_COMMON_BLOCKS = YES;
				GCC_OPTIMIZATION_LEVEL = 0;
				GCC_PREPROCESSOR_DEFINITIONS = (
					"DEBUG=1",
					"$(inherited)",
				);
				GCC_WARN_64_TO_32_BIT_CONVERSION = YES;
				GCC_WARN_ABOUT_RETURN_TYPE = YES_ERROR;
				GCC_WARN_UNDECLARED_SELECTOR = YES;
				GCC_WARN_UNINITIALIZED_AUTOS = YES_AGGRESSIVE;
				GCC_WARN_UNUSED_FUNCTION = YES;
				GCC_WARN_UNUSED_VARIABLE = YES;
				IPHONEOS_DEPLOYMENT_TARGET = 15.5;
				MTL_ENABLE_DEBUG_INFO = INCLUDE_SOURCE;
				MTL_FAST_MATH = YES;
				ONLY_ACTIVE_ARCH = YES;
				SDKROOT = iphoneos;
				SWIFT_ACTIVE_COMPILATION_CONDITIONS = DEBUG;
				SWIFT_OPTIMIZATION_LEVEL = "-Onone";
			};
			name = Debug;
		};
		6DFEB1112855E8D200952B98 /* Release */ = {
			isa = XCBuildConfiguration;
			buildSettings = {
				ALWAYS_SEARCH_USER_PATHS = NO;
				CLANG_ANALYZER_NONNULL = YES;
				CLANG_ANALYZER_NUMBER_OBJECT_CONVERSION = YES_AGGRESSIVE;
				CLANG_CXX_LANGUAGE_STANDARD = "gnu++17";
				CLANG_ENABLE_MODULES = YES;
				CLANG_ENABLE_OBJC_ARC = YES;
				CLANG_ENABLE_OBJC_WEAK = YES;
				CLANG_WARN_BLOCK_CAPTURE_AUTORELEASING = YES;
				CLANG_WARN_BOOL_CONVERSION = YES;
				CLANG_WARN_COMMA = YES;
				CLANG_WARN_CONSTANT_CONVERSION = YES;
				CLANG_WARN_DEPRECATED_OBJC_IMPLEMENTATIONS = YES;
				CLANG_WARN_DIRECT_OBJC_ISA_USAGE = YES_ERROR;
				CLANG_WARN_DOCUMENTATION_COMMENTS = YES;
				CLANG_WARN_EMPTY_BODY = YES;
				CLANG_WARN_ENUM_CONVERSION = YES;
				CLANG_WARN_INFINITE_RECURSION = YES;
				CLANG_WARN_INT_CONVERSION = YES;
				CLANG_WARN_NON_LITERAL_NULL_CONVERSION = YES;
				CLANG_WARN_OBJC_IMPLICIT_RETAIN_SELF = YES;
				CLANG_WARN_OBJC_LITERAL_CONVERSION = YES;
				CLANG_WARN_OBJC_ROOT_CLASS = YES_ERROR;
				CLANG_WARN_QUOTED_INCLUDE_IN_FRAMEWORK_HEADER = YES;
				CLANG_WARN_RANGE_LOOP_ANALYSIS = YES;
				CLANG_WARN_STRICT_PROTOTYPES = YES;
				CLANG_WARN_SUSPICIOUS_MOVE = YES;
				CLANG_WARN_UNGUARDED_AVAILABILITY = YES_AGGRESSIVE;
				CLANG_WARN_UNREACHABLE_CODE = YES;
				CLANG_WARN__DUPLICATE_METHOD_MATCH = YES;
				COPY_PHASE_STRIP = NO;
				DEBUG_INFORMATION_FORMAT = "dwarf-with-dsym";
				ENABLE_NS_ASSERTIONS = NO;
				ENABLE_STRICT_OBJC_MSGSEND = YES;
				GCC_C_LANGUAGE_STANDARD = gnu11;
				GCC_NO_COMMON_BLOCKS = YES;
				GCC_WARN_64_TO_32_BIT_CONVERSION = YES;
				GCC_WARN_ABOUT_RETURN_TYPE = YES_ERROR;
				GCC_WARN_UNDECLARED_SELECTOR = YES;
				GCC_WARN_UNINITIALIZED_AUTOS = YES_AGGRESSIVE;
				GCC_WARN_UNUSED_FUNCTION = YES;
				GCC_WARN_UNUSED_VARIABLE = YES;
				IPHONEOS_DEPLOYMENT_TARGET = 15.5;
				MTL_ENABLE_DEBUG_INFO = NO;
				MTL_FAST_MATH = YES;
				SDKROOT = iphoneos;
				SWIFT_COMPILATION_MODE = wholemodule;
				SWIFT_OPTIMIZATION_LEVEL = "-O";
				VALIDATE_PRODUCT = YES;
			};
			name = Release;
		};
		6DFEB1132855E8D200952B98 /* Debug */ = {
			isa = XCBuildConfiguration;
			buildSettings = {
				ASSETCATALOG_COMPILER_APPICON_NAME = AppIcon;
				ASSETCATALOG_COMPILER_GLOBAL_ACCENT_COLOR_NAME = AccentColor;
				CODE_SIGN_STYLE = Automatic;
				CURRENT_PROJECT_VERSION = 1;
				DEVELOPMENT_ASSET_PATHS = "\"Bullseye/Preview Content\"";
				DEVELOPMENT_TEAM = JFFU48W339;
				ENABLE_PREVIEWS = YES;
				GENERATE_INFOPLIST_FILE = YES;
				INFOPLIST_FILE = "";
				INFOPLIST_KEY_UIApplicationSceneManifest_Generation = YES;
				INFOPLIST_KEY_UIApplicationSupportsIndirectInputEvents = YES;
				INFOPLIST_KEY_UILaunchScreen_Generation = YES;
				INFOPLIST_KEY_UISupportedInterfaceOrientations_iPad = "UIInterfaceOrientationPortrait UIInterfaceOrientationPortraitUpsideDown UIInterfaceOrientationLandscapeLeft UIInterfaceOrientationLandscapeRight";
				INFOPLIST_KEY_UISupportedInterfaceOrientations_iPhone = "UIInterfaceOrientationPortrait UIInterfaceOrientationLandscapeLeft UIInterfaceOrientationLandscapeRight";
				LD_RUNPATH_SEARCH_PATHS = (
					"$(inherited)",
					"@executable_path/Frameworks",
				);
				MARKETING_VERSION = 1.0;
				PRODUCT_BUNDLE_IDENTIFIER = net.in.goutham.Bullseye;
				PRODUCT_NAME = "$(TARGET_NAME)";
				SWIFT_EMIT_LOC_STRINGS = YES;
				SWIFT_VERSION = 5.0;
				TARGETED_DEVICE_FAMILY = "1,2";
			};
			name = Debug;
		};
		6DFEB1142855E8D200952B98 /* Release */ = {
			isa = XCBuildConfiguration;
			buildSettings = {
				ASSETCATALOG_COMPILER_APPICON_NAME = AppIcon;
				ASSETCATALOG_COMPILER_GLOBAL_ACCENT_COLOR_NAME = AccentColor;
				CODE_SIGN_STYLE = Automatic;
				CURRENT_PROJECT_VERSION = 1;
				DEVELOPMENT_ASSET_PATHS = "\"Bullseye/Preview Content\"";
				DEVELOPMENT_TEAM = JFFU48W339;
				ENABLE_PREVIEWS = YES;
				GENERATE_INFOPLIST_FILE = YES;
				INFOPLIST_FILE = "";
				INFOPLIST_KEY_UIApplicationSceneManifest_Generation = YES;
				INFOPLIST_KEY_UIApplicationSupportsIndirectInputEvents = YES;
				INFOPLIST_KEY_UILaunchScreen_Generation = YES;
				INFOPLIST_KEY_UISupportedInterfaceOrientations_iPad = "UIInterfaceOrientationPortrait UIInterfaceOrientationPortraitUpsideDown UIInterfaceOrientationLandscapeLeft UIInterfaceOrientationLandscapeRight";
				INFOPLIST_KEY_UISupportedInterfaceOrientations_iPhone = "UIInterfaceOrientationPortrait UIInterfaceOrientationLandscapeLeft UIInterfaceOrientationLandscapeRight";
				LD_RUNPATH_SEARCH_PATHS = (
					"$(inherited)",
					"@executable_path/Frameworks",
				);
				MARKETING_VERSION = 1.0;
				PRODUCT_BUNDLE_IDENTIFIER = net.in.goutham.Bullseye;
				PRODUCT_NAME = "$(TARGET_NAME)";
				SWIFT_EMIT_LOC_STRINGS = YES;
				SWIFT_VERSION = 5.0;
				TARGETED_DEVICE_FAMILY = "1,2";
			};
			name = Release;
		};
/* End XCBuildConfiguration section */

/* Begin XCConfigurationList section */
		6DBB1E772856631700E14678 /* Build configuration list for PBXNativeTarget "BullseyeTests" */ = {
			isa = XCConfigurationList;
			buildConfigurations = (
				6DBB1E782856631700E14678 /* Debug */,
				6DBB1E792856631700E14678 /* Release */,
			);
			defaultConfigurationIsVisible = 0;
			defaultConfigurationName = Release;
		};
		6DFEB0FF2855E8D000952B98 /* Build configuration list for PBXProject "Bullseye" */ = {
			isa = XCConfigurationList;
			buildConfigurations = (
				6DFEB1102855E8D200952B98 /* Debug */,
				6DFEB1112855E8D200952B98 /* Release */,
			);
			defaultConfigurationIsVisible = 0;
			defaultConfigurationName = Release;
		};
		6DFEB1122855E8D200952B98 /* Build configuration list for PBXNativeTarget "Bullseye" */ = {
			isa = XCConfigurationList;
			buildConfigurations = (
				6DFEB1132855E8D200952B98 /* Debug */,
				6DFEB1142855E8D200952B98 /* Release */,
			);
			defaultConfigurationIsVisible = 0;
			defaultConfigurationName = Release;
		};
/* End XCConfigurationList section */
	};
	rootObject = 6DFEB0FC2855E8D000952B98 /* Project object */;
}
